// !$*UTF8*$!
{
	archiveVersion = 1;
	classes = {
	};
	objectVersion = 50;
	objects = {

/* Begin PBXBuildFile section */
		F103CFA722F51ECF00C22A88 /* ViewController.swift in Sources */ = {isa = PBXBuildFile; fileRef = F103CFA622F51ECF00C22A88 /* ViewController.swift */; };
		F103CFA922F51F7300C22A88 /* PaymentTableViewCell.swift in Sources */ = {isa = PBXBuildFile; fileRef = F103CFA822F51F7300C22A88 /* PaymentTableViewCell.swift */; };
		F12E079D22F5FA3F0063EF88 /* CardView.swift in Sources */ = {isa = PBXBuildFile; fileRef = F12E079C22F5FA3F0063EF88 /* CardView.swift */; };
		F12E079F22F605250063EF88 /* StatementHeader.xib in Resources */ = {isa = PBXBuildFile; fileRef = F12E079E22F605250063EF88 /* StatementHeader.xib */; };
		F12E07A122F605C40063EF88 /* StatementViewHeader.swift in Sources */ = {isa = PBXBuildFile; fileRef = F12E07A022F605C40063EF88 /* StatementViewHeader.swift */; };
		F1BD38EC22F4EDAF00E606DF /* AppDelegate.swift in Sources */ = {isa = PBXBuildFile; fileRef = F1BD38EB22F4EDAF00E606DF /* AppDelegate.swift */; };
		F1BD38EE22F4EDAF00E606DF /* LoginViewController.swift in Sources */ = {isa = PBXBuildFile; fileRef = F1BD38ED22F4EDAF00E606DF /* LoginViewController.swift */; };
		F1BD38F122F4EDAF00E606DF /* Main.storyboard in Resources */ = {isa = PBXBuildFile; fileRef = F1BD38EF22F4EDAF00E606DF /* Main.storyboard */; };
		F1BD38F322F4EDB200E606DF /* Assets.xcassets in Resources */ = {isa = PBXBuildFile; fileRef = F1BD38F222F4EDB200E606DF /* Assets.xcassets */; };
		F1BD38F622F4EDB200E606DF /* LaunchScreen.storyboard in Resources */ = {isa = PBXBuildFile; fileRef = F1BD38F422F4EDB200E606DF /* LaunchScreen.storyboard */; };
		F1BD390122F4EDB200E606DF /* BankAppTests.swift in Sources */ = {isa = PBXBuildFile; fileRef = F1BD390022F4EDB200E606DF /* BankAppTests.swift */; };
		F1BD390C22F4FFC900E606DF /* CustonNavigationController.swift in Sources */ = {isa = PBXBuildFile; fileRef = F1BD390B22F4FFC900E606DF /* CustonNavigationController.swift */; };
/* End PBXBuildFile section */

/* Begin PBXContainerItemProxy section */
		F1BD38FD22F4EDB200E606DF /* PBXContainerItemProxy */ = {
			isa = PBXContainerItemProxy;
			containerPortal = F1BD38E022F4EDAE00E606DF /* Project object */;
			proxyType = 1;
			remoteGlobalIDString = F1BD38E722F4EDAE00E606DF;
			remoteInfo = BankApp;
		};
/* End PBXContainerItemProxy section */

/* Begin PBXFileReference section */
		F103CFA622F51ECF00C22A88 /* ViewController.swift */ = {isa = PBXFileReference; lastKnownFileType = sourcecode.swift; path = ViewController.swift; sourceTree = "<group>"; };
		F103CFA822F51F7300C22A88 /* PaymentTableViewCell.swift */ = {isa = PBXFileReference; lastKnownFileType = sourcecode.swift; path = PaymentTableViewCell.swift; sourceTree = "<group>"; };
		F12E079C22F5FA3F0063EF88 /* CardView.swift */ = {isa = PBXFileReference; lastKnownFileType = sourcecode.swift; path = CardView.swift; sourceTree = "<group>"; };
		F12E079E22F605250063EF88 /* StatementHeader.xib */ = {isa = PBXFileReference; lastKnownFileType = file.xib; path = StatementHeader.xib; sourceTree = "<group>"; };
		F12E07A022F605C40063EF88 /* StatementViewHeader.swift */ = {isa = PBXFileReference; lastKnownFileType = sourcecode.swift; path = StatementViewHeader.swift; sourceTree = "<group>"; };
		F1BD38E822F4EDAE00E606DF /* BankApp.app */ = {isa = PBXFileReference; explicitFileType = wrapper.application; includeInIndex = 0; path = BankApp.app; sourceTree = BUILT_PRODUCTS_DIR; };
		F1BD38EB22F4EDAF00E606DF /* AppDelegate.swift */ = {isa = PBXFileReference; lastKnownFileType = sourcecode.swift; path = AppDelegate.swift; sourceTree = "<group>"; };
		F1BD38ED22F4EDAF00E606DF /* LoginViewController.swift */ = {isa = PBXFileReference; lastKnownFileType = sourcecode.swift; path = LoginViewController.swift; sourceTree = "<group>"; };
		F1BD38F022F4EDAF00E606DF /* Base */ = {isa = PBXFileReference; lastKnownFileType = file.storyboard; name = Base; path = Base.lproj/Main.storyboard; sourceTree = "<group>"; };
		F1BD38F222F4EDB200E606DF /* Assets.xcassets */ = {isa = PBXFileReference; lastKnownFileType = folder.assetcatalog; path = Assets.xcassets; sourceTree = "<group>"; };
		F1BD38F522F4EDB200E606DF /* Base */ = {isa = PBXFileReference; lastKnownFileType = file.storyboard; name = Base; path = Base.lproj/LaunchScreen.storyboard; sourceTree = "<group>"; };
		F1BD38F722F4EDB200E606DF /* Info.plist */ = {isa = PBXFileReference; lastKnownFileType = text.plist.xml; path = Info.plist; sourceTree = "<group>"; };
		F1BD38FC22F4EDB200E606DF /* BankAppTests.xctest */ = {isa = PBXFileReference; explicitFileType = wrapper.cfbundle; includeInIndex = 0; path = BankAppTests.xctest; sourceTree = BUILT_PRODUCTS_DIR; };
		F1BD390022F4EDB200E606DF /* BankAppTests.swift */ = {isa = PBXFileReference; lastKnownFileType = sourcecode.swift; path = BankAppTests.swift; sourceTree = "<group>"; };
		F1BD390222F4EDB200E606DF /* Info.plist */ = {isa = PBXFileReference; lastKnownFileType = text.plist.xml; path = Info.plist; sourceTree = "<group>"; };
		F1BD390B22F4FFC900E606DF /* CustonNavigationController.swift */ = {isa = PBXFileReference; lastKnownFileType = sourcecode.swift; path = CustonNavigationController.swift; sourceTree = "<group>"; };
/* End PBXFileReference section */

/* Begin PBXFrameworksBuildPhase section */
		F1BD38E522F4EDAE00E606DF /* Frameworks */ = {
			isa = PBXFrameworksBuildPhase;
			buildActionMask = 2147483647;
			files = (
			);
			runOnlyForDeploymentPostprocessing = 0;
		};
		F1BD38F922F4EDB200E606DF /* Frameworks */ = {
			isa = PBXFrameworksBuildPhase;
			buildActionMask = 2147483647;
			files = (
			);
			runOnlyForDeploymentPostprocessing = 0;
		};
/* End PBXFrameworksBuildPhase section */

/* Begin PBXGroup section */
		F1BD38DF22F4EDAE00E606DF = {
			isa = PBXGroup;
			children = (
				F1BD38EA22F4EDAE00E606DF /* BankApp */,
				F1BD38FF22F4EDB200E606DF /* BankAppTests */,
				F1BD38E922F4EDAE00E606DF /* Products */,
			);
			sourceTree = "<group>";
		};
		F1BD38E922F4EDAE00E606DF /* Products */ = {
			isa = PBXGroup;
			children = (
				F1BD38E822F4EDAE00E606DF /* BankApp.app */,
				F1BD38FC22F4EDB200E606DF /* BankAppTests.xctest */,
			);
			name = Products;
			sourceTree = "<group>";
		};
		F1BD38EA22F4EDAE00E606DF /* BankApp */ = {
			isa = PBXGroup;
			children = (
				F1BD38EB22F4EDAF00E606DF /* AppDelegate.swift */,
				F1BD38ED22F4EDAF00E606DF /* LoginViewController.swift */,
				F1BD38EF22F4EDAF00E606DF /* Main.storyboard */,
				F1BD38F222F4EDB200E606DF /* Assets.xcassets */,
				F1BD38F422F4EDB200E606DF /* LaunchScreen.storyboard */,
				F1BD38F722F4EDB200E606DF /* Info.plist */,
				F1BD390B22F4FFC900E606DF /* CustonNavigationController.swift */,
				F103CFA622F51ECF00C22A88 /* ViewController.swift */,
				F103CFA822F51F7300C22A88 /* PaymentTableViewCell.swift */,
				F12E079C22F5FA3F0063EF88 /* CardView.swift */,
				F12E079E22F605250063EF88 /* StatementHeader.xib */,
				F12E07A022F605C40063EF88 /* StatementViewHeader.swift */,
			);
			path = BankApp;
			sourceTree = "<group>";
		};
		F1BD38FF22F4EDB200E606DF /* BankAppTests */ = {
			isa = PBXGroup;
			children = (
				F1BD390022F4EDB200E606DF /* BankAppTests.swift */,
				F1BD390222F4EDB200E606DF /* Info.plist */,
			);
			path = BankAppTests;
			sourceTree = "<group>";
		};
/* End PBXGroup section */

/* Begin PBXNativeTarget section */
		F1BD38E722F4EDAE00E606DF /* BankApp */ = {
			isa = PBXNativeTarget;
			buildConfigurationList = F1BD390522F4EDB200E606DF /* Build configuration list for PBXNativeTarget "BankApp" */;
			buildPhases = (
				F1BD38E422F4EDAE00E606DF /* Sources */,
				F1BD38E522F4EDAE00E606DF /* Frameworks */,
				F1BD38E622F4EDAE00E606DF /* Resources */,
			);
			buildRules = (
			);
			dependencies = (
			);
			name = BankApp;
			productName = BankApp;
			productReference = F1BD38E822F4EDAE00E606DF /* BankApp.app */;
			productType = "com.apple.product-type.application";
		};
		F1BD38FB22F4EDB200E606DF /* BankAppTests */ = {
			isa = PBXNativeTarget;
			buildConfigurationList = F1BD390822F4EDB200E606DF /* Build configuration list for PBXNativeTarget "BankAppTests" */;
			buildPhases = (
				F1BD38F822F4EDB200E606DF /* Sources */,
				F1BD38F922F4EDB200E606DF /* Frameworks */,
				F1BD38FA22F4EDB200E606DF /* Resources */,
			);
			buildRules = (
			);
			dependencies = (
				F1BD38FE22F4EDB200E606DF /* PBXTargetDependency */,
			);
			name = BankAppTests;
			productName = BankAppTests;
			productReference = F1BD38FC22F4EDB200E606DF /* BankAppTests.xctest */;
			productType = "com.apple.product-type.bundle.unit-test";
		};
/* End PBXNativeTarget section */

/* Begin PBXProject section */
		F1BD38E022F4EDAE00E606DF /* Project object */ = {
			isa = PBXProject;
			attributes = {
				LastSwiftUpdateCheck = 1030;
				LastUpgradeCheck = 1030;
				ORGANIZATIONNAME = "Anderson Lentz";
				TargetAttributes = {
					F1BD38E722F4EDAE00E606DF = {
						CreatedOnToolsVersion = 10.3;
					};
					F1BD38FB22F4EDB200E606DF = {
						CreatedOnToolsVersion = 10.3;
						TestTargetID = F1BD38E722F4EDAE00E606DF;
					};
				};
			};
			buildConfigurationList = F1BD38E322F4EDAE00E606DF /* Build configuration list for PBXProject "BankApp" */;
			compatibilityVersion = "Xcode 9.3";
			developmentRegion = en;
			hasScannedForEncodings = 0;
			knownRegions = (
				en,
				Base,
			);
			mainGroup = F1BD38DF22F4EDAE00E606DF;
			productRefGroup = F1BD38E922F4EDAE00E606DF /* Products */;
			projectDirPath = "";
			projectRoot = "";
			targets = (
				F1BD38E722F4EDAE00E606DF /* BankApp */,
				F1BD38FB22F4EDB200E606DF /* BankAppTests */,
			);
		};
/* End PBXProject section */

/* Begin PBXResourcesBuildPhase section */
		F1BD38E622F4EDAE00E606DF /* Resources */ = {
			isa = PBXResourcesBuildPhase;
			buildActionMask = 2147483647;
			files = (
				F1BD38F622F4EDB200E606DF /* LaunchScreen.storyboard in Resources */,
				F1BD38F322F4EDB200E606DF /* Assets.xcassets in Resources */,
				F12E079F22F605250063EF88 /* StatementHeader.xib in Resources */,
				F1BD38F122F4EDAF00E606DF /* Main.storyboard in Resources */,
			);
			runOnlyForDeploymentPostprocessing = 0;
		};
		F1BD38FA22F4EDB200E606DF /* Resources */ = {
			isa = PBXResourcesBuildPhase;
			buildActionMask = 2147483647;
			files = (
			);
			runOnlyForDeploymentPostprocessing = 0;
		};
/* End PBXResourcesBuildPhase section */

/* Begin PBXSourcesBuildPhase section */
		F1BD38E422F4EDAE00E606DF /* Sources */ = {
			isa = PBXSourcesBuildPhase;
			buildActionMask = 2147483647;
			files = (
				F103CFA922F51F7300C22A88 /* PaymentTableViewCell.swift in Sources */,
				F1BD38EE22F4EDAF00E606DF /* LoginViewController.swift in Sources */,
				F1BD38EC22F4EDAF00E606DF /* AppDelegate.swift in Sources */,
				F103CFA722F51ECF00C22A88 /* ViewController.swift in Sources */,
				F12E079D22F5FA3F0063EF88 /* CardView.swift in Sources */,
				F12E07A122F605C40063EF88 /* StatementViewHeader.swift in Sources */,
				F1BD390C22F4FFC900E606DF /* CustonNavigationController.swift in Sources */,
			);
			runOnlyForDeploymentPostprocessing = 0;
		};
		F1BD38F822F4EDB200E606DF /* Sources */ = {
			isa = PBXSourcesBuildPhase;
			buildActionMask = 2147483647;
			files = (
				F1BD390122F4EDB200E606DF /* BankAppTests.swift in Sources */,
			);
			runOnlyForDeploymentPostprocessing = 0;
		};
/* End PBXSourcesBuildPhase section */

/* Begin PBXTargetDependency section */
		F1BD38FE22F4EDB200E606DF /* PBXTargetDependency */ = {
			isa = PBXTargetDependency;
			target = F1BD38E722F4EDAE00E606DF /* BankApp */;
			targetProxy = F1BD38FD22F4EDB200E606DF /* PBXContainerItemProxy */;
		};
/* End PBXTargetDependency section */

/* Begin PBXVariantGroup section */
		F1BD38EF22F4EDAF00E606DF /* Main.storyboard */ = {
			isa = PBXVariantGroup;
			children = (
				F1BD38F022F4EDAF00E606DF /* Base */,
			);
			name = Main.storyboard;
			sourceTree = "<group>";
		};
		F1BD38F422F4EDB200E606DF /* LaunchScreen.storyboard */ = {
			isa = PBXVariantGroup;
			children = (
				F1BD38F522F4EDB200E606DF /* Base */,
			);
			name = LaunchScreen.storyboard;
			sourceTree = "<group>";
		};
/* End PBXVariantGroup section */

/* Begin XCBuildConfiguration section */
		F1BD390322F4EDB200E606DF /* Debug */ = {
			isa = XCBuildConfiguration;
			buildSettings = {
				ALWAYS_SEARCH_USER_PATHS = NO;
				CLANG_ANALYZER_NONNULL = YES;
				CLANG_ANALYZER_NUMBER_OBJECT_CONVERSION = YES_AGGRESSIVE;
				CLANG_CXX_LANGUAGE_STANDARD = "gnu++14";
				CLANG_CXX_LIBRARY = "libc++";
				CLANG_ENABLE_MODULES = YES;
				CLANG_ENABLE_OBJC_ARC = YES;
				CLANG_ENABLE_OBJC_WEAK = YES;
				CLANG_WARN_BLOCK_CAPTURE_AUTORELEASING = YES;
				CLANG_WARN_BOOL_CONVERSION = YES;
				CLANG_WARN_COMMA = YES;
				CLANG_WARN_CONSTANT_CONVERSION = YES;
				CLANG_WARN_DEPRECATED_OBJC_IMPLEMENTATIONS = YES;
				CLANG_WARN_DIRECT_OBJC_ISA_USAGE = YES_ERROR;
				CLANG_WARN_DOCUMENTATION_COMMENTS = YES;
				CLANG_WARN_EMPTY_BODY = YES;
				CLANG_WARN_ENUM_CONVERSION = YES;
				CLANG_WARN_INFINITE_RECURSION = YES;
				CLANG_WARN_INT_CONVERSION = YES;
				CLANG_WARN_NON_LITERAL_NULL_CONVERSION = YES;
				CLANG_WARN_OBJC_IMPLICIT_RETAIN_SELF = YES;
				CLANG_WARN_OBJC_LITERAL_CONVERSION = YES;
				CLANG_WARN_OBJC_ROOT_CLASS = YES_ERROR;
				CLANG_WARN_RANGE_LOOP_ANALYSIS = YES;
				CLANG_WARN_STRICT_PROTOTYPES = YES;
				CLANG_WARN_SUSPICIOUS_MOVE = YES;
				CLANG_WARN_UNGUARDED_AVAILABILITY = YES_AGGRESSIVE;
				CLANG_WARN_UNREACHABLE_CODE = YES;
				CLANG_WARN__DUPLICATE_METHOD_MATCH = YES;
				CODE_SIGN_IDENTITY = "iPhone Developer";
				COPY_PHASE_STRIP = NO;
				DEBUG_INFORMATION_FORMAT = dwarf;
				ENABLE_STRICT_OBJC_MSGSEND = YES;
				ENABLE_TESTABILITY = YES;
				GCC_C_LANGUAGE_STANDARD = gnu11;
				GCC_DYNAMIC_NO_PIC = NO;
				GCC_NO_COMMON_BLOCKS = YES;
				GCC_OPTIMIZATION_LEVEL = 0;
				GCC_PREPROCESSOR_DEFINITIONS = (
					"DEBUG=1",
					"$(inherited)",
				);
				GCC_WARN_64_TO_32_BIT_CONVERSION = YES;
				GCC_WARN_ABOUT_RETURN_TYPE = YES_ERROR;
				GCC_WARN_UNDECLARED_SELECTOR = YES;
				GCC_WARN_UNINITIALIZED_AUTOS = YES_AGGRESSIVE;
				GCC_WARN_UNUSED_FUNCTION = YES;
				GCC_WARN_UNUSED_VARIABLE = YES;
				IPHONEOS_DEPLOYMENT_TARGET = 12.4;
				MTL_ENABLE_DEBUG_INFO = INCLUDE_SOURCE;
				MTL_FAST_MATH = YES;
				ONLY_ACTIVE_ARCH = YES;
				SDKROOT = iphoneos;
				SWIFT_ACTIVE_COMPILATION_CONDITIONS = DEBUG;
				SWIFT_OPTIMIZATION_LEVEL = "-Onone";
			};
			name = Debug;
		};
		F1BD390422F4EDB200E606DF /* Release */ = {
			isa = XCBuildConfiguration;
			buildSettings = {
				ALWAYS_SEARCH_USER_PATHS = NO;
				CLANG_ANALYZER_NONNULL = YES;
				CLANG_ANALYZER_NUMBER_OBJECT_CONVERSION = YES_AGGRESSIVE;
				CLANG_CXX_LANGUAGE_STANDARD = "gnu++14";
				CLANG_CXX_LIBRARY = "libc++";
				CLANG_ENABLE_MODULES = YES;
				CLANG_ENABLE_OBJC_ARC = YES;
				CLANG_ENABLE_OBJC_WEAK = YES;
				CLANG_WARN_BLOCK_CAPTURE_AUTORELEASING = YES;
				CLANG_WARN_BOOL_CONVERSION = YES;
				CLANG_WARN_COMMA = YES;
				CLANG_WARN_CONSTANT_CONVERSION = YES;
				CLANG_WARN_DEPRECATED_OBJC_IMPLEMENTATIONS = YES;
				CLANG_WARN_DIRECT_OBJC_ISA_USAGE = YES_ERROR;
				CLANG_WARN_DOCUMENTATION_COMMENTS = YES;
				CLANG_WARN_EMPTY_BODY = YES;
				CLANG_WARN_ENUM_CONVERSION = YES;
				CLANG_WARN_INFINITE_RECURSION = YES;
				CLANG_WARN_INT_CONVERSION = YES;
				CLANG_WARN_NON_LITERAL_NULL_CONVERSION = YES;
				CLANG_WARN_OBJC_IMPLICIT_RETAIN_SELF = YES;
				CLANG_WARN_OBJC_LITERAL_CONVERSION = YES;
				CLANG_WARN_OBJC_ROOT_CLASS = YES_ERROR;
				CLANG_WARN_RANGE_LOOP_ANALYSIS = YES;
				CLANG_WARN_STRICT_PROTOTYPES = YES;
				CLANG_WARN_SUSPICIOUS_MOVE = YES;
				CLANG_WARN_UNGUARDED_AVAILABILITY = YES_AGGRESSIVE;
				CLANG_WARN_UNREACHABLE_CODE = YES;
				CLANG_WARN__DUPLICATE_METHOD_MATCH = YES;
				CODE_SIGN_IDENTITY = "iPhone Developer";
				COPY_PHASE_STRIP = NO;
				DEBUG_INFORMATION_FORMAT = "dwarf-with-dsym";
				ENABLE_NS_ASSERTIONS = NO;
				ENABLE_STRICT_OBJC_MSGSEND = YES;
				GCC_C_LANGUAGE_STANDARD = gnu11;
				GCC_NO_COMMON_BLOCKS = YES;
				GCC_WARN_64_TO_32_BIT_CONVERSION = YES;
				GCC_WARN_ABOUT_RETURN_TYPE = YES_ERROR;
				GCC_WARN_UNDECLARED_SELECTOR = YES;
				GCC_WARN_UNINITIALIZED_AUTOS = YES_AGGRESSIVE;
				GCC_WARN_UNUSED_FUNCTION = YES;
				GCC_WARN_UNUSED_VARIABLE = YES;
				IPHONEOS_DEPLOYMENT_TARGET = 12.4;
				MTL_ENABLE_DEBUG_INFO = NO;
				MTL_FAST_MATH = YES;
				SDKROOT = iphoneos;
				SWIFT_COMPILATION_MODE = wholemodule;
				SWIFT_OPTIMIZATION_LEVEL = "-O";
				VALIDATE_PRODUCT = YES;
			};
			name = Release;
		};
		F1BD390622F4EDB200E606DF /* Debug */ = {
			isa = XCBuildConfiguration;
			buildSettings = {
				ASSETCATALOG_COMPILER_APPICON_NAME = AppIcon;
				CODE_SIGN_STYLE = Automatic;
				DEVELOPMENT_TEAM = F229TZ6SP5;
				INFOPLIST_FILE = BankApp/Info.plist;
				LD_RUNPATH_SEARCH_PATHS = (
					"$(inherited)",
					"@executable_path/Frameworks",
				);
				PRODUCT_BUNDLE_IDENTIFIER = com.andersonlentz.BankApp;
				PRODUCT_NAME = "$(TARGET_NAME)";
				SWIFT_VERSION = 5.0;
				TARGETED_DEVICE_FAMILY = "1,2";
			};
			name = Debug;
		};
		F1BD390722F4EDB200E606DF /* Release */ = {
			isa = XCBuildConfiguration;
			buildSettings = {
				ASSETCATALOG_COMPILER_APPICON_NAME = AppIcon;
				CODE_SIGN_STYLE = Automatic;
				DEVELOPMENT_TEAM = F229TZ6SP5;
				INFOPLIST_FILE = BankApp/Info.plist;
				LD_RUNPATH_SEARCH_PATHS = (
					"$(inherited)",
					"@executable_path/Frameworks",
				);
				PRODUCT_BUNDLE_IDENTIFIER = com.andersonlentz.BankApp;
				PRODUCT_NAME = "$(TARGET_NAME)";
				SWIFT_VERSION = 5.0;
				TARGETED_DEVICE_FAMILY = "1,2";
			};
			name = Release;
		};
		F1BD390922F4EDB200E606DF /* Debug */ = {
			isa = XCBuildConfiguration;
			buildSettings = {
				ALWAYS_EMBED_SWIFT_STANDARD_LIBRARIES = YES;
				BUNDLE_LOADER = "$(TEST_HOST)";
				CODE_SIGN_STYLE = Automatic;
				DEVELOPMENT_TEAM = F229TZ6SP5;
				INFOPLIST_FILE = BankAppTests/Info.plist;
				LD_RUNPATH_SEARCH_PATHS = (
					"$(inherited)",
					"@executable_path/Frameworks",
					"@loader_path/Frameworks",
				);
				PRODUCT_BUNDLE_IDENTIFIER = com.andersonlentz.BankAppTests;
				PRODUCT_NAME = "$(TARGET_NAME)";
				SWIFT_VERSION = 5.0;
				TARGETED_DEVICE_FAMILY = "1,2";
				TEST_HOST = "$(BUILT_PRODUCTS_DIR)/BankApp.app/BankApp";
			};
			name = Debug;
		};
		F1BD390A22F4EDB200E606DF /* Release */ = {
			isa = XCBuildConfiguration;
			buildSettings = {
				ALWAYS_EMBED_SWIFT_STANDARD_LIBRARIES = YES;
				BUNDLE_LOADER = "$(TEST_HOST)";
				CODE_SIGN_STYLE = Automatic;
				DEVELOPMENT_TEAM = F229TZ6SP5;
				INFOPLIST_FILE = BankAppTests/Info.plist;
				LD_RUNPATH_SEARCH_PATHS = (
					"$(inherited)",
					"@executable_path/Frameworks",
					"@loader_path/Frameworks",
				);
				PRODUCT_BUNDLE_IDENTIFIER = com.andersonlentz.BankAppTests;
				PRODUCT_NAME = "$(TARGET_NAME)";
				SWIFT_VERSION = 5.0;
				TARGETED_DEVICE_FAMILY = "1,2";
				TEST_HOST = "$(BUILT_PRODUCTS_DIR)/BankApp.app/BankApp";
			};
			name = Release;
		};
/* End XCBuildConfiguration section */

/* Begin XCConfigurationList section */
		F1BD38E322F4EDAE00E606DF /* Build configuration list for PBXProject "BankApp" */ = {
			isa = XCConfigurationList;
			buildConfigurations = (
				F1BD390322F4EDB200E606DF /* Debug */,
				F1BD390422F4EDB200E606DF /* Release */,
			);
			defaultConfigurationIsVisible = 0;
			defaultConfigurationName = Release;
		};
		F1BD390522F4EDB200E606DF /* Build configuration list for PBXNativeTarget "BankApp" */ = {
			isa = XCConfigurationList;
			buildConfigurations = (
				F1BD390622F4EDB200E606DF /* Debug */,
				F1BD390722F4EDB200E606DF /* Release */,
			);
			defaultConfigurationIsVisible = 0;
			defaultConfigurationName = Release;
		};
		F1BD390822F4EDB200E606DF /* Build configuration list for PBXNativeTarget "BankAppTests" */ = {
			isa = XCConfigurationList;
			buildConfigurations = (
				F1BD390922F4EDB200E606DF /* Debug */,
				F1BD390A22F4EDB200E606DF /* Release */,
			);
			defaultConfigurationIsVisible = 0;
			defaultConfigurationName = Release;
		};
/* End XCConfigurationList section */
	};
	rootObject = F1BD38E022F4EDAE00E606DF /* Project object */;
}
